
Microsoft Visual Studio Solution File, Format Version 12.00
# Visual Studio Version 16
VisualStudioVersion = 16.0.31515.178
MinimumVisualStudioVersion = 10.0.40219.1
Project("{FAE04EC0-301F-11D3-BF4B-00C04F79EFBC}") = "Anket", "Anket.csproj", "{B4BAFB57-A89E-465F-8CB4-16848012ED9C}"
EndProject
Global
	GlobalSection(SolutionConfigurationPlatforms) = preSolution
		Debug|Any CPU = Debug|Any CPU
		Release|Any CPU = Release|Any CPU
	EndGlobalSection
	GlobalSection(ProjectConfigurationPlatforms) = postSolution
		{B4BAFB57-A89E-465F-8CB4-16848012ED9C}.Debug|Any CPU.ActiveCfg = Debug|Any CPU
		{B4BAFB57-A89E-465F-8CB4-16848012ED9C}.Debug|Any CPU.Build.0 = Debug|Any CPU
		{B4BAFB57-A89E-465F-8CB4-16848012ED9C}.Release|Any CPU.ActiveCfg = Release|Any CPU
		{B4BAFB57-A89E-465F-8CB4-16848012ED9C}.Release|Any CPU.Build.0 = Release|Any CPU
	EndGlobalSection
	GlobalSection(SolutionProperties) = preSolution
		HideSolutionNode = FALSE
	EndGlobalSection
	GlobalSection(ExtensibilityGlobals) = postSolution
		SolutionGuid = {F67F357A-40D4-431A-A3AA-DC25A9152249}
	EndGlobalSection
EndGlobal
